{
    "_meta": {
        "hash": {
            "sha256": "698a54edb366daf7356d6fd87ddeec74d0e98af9b08e5cb17a965dc16ccf6762"
        },
        "pipfile-spec": 6,
        "requires": {
            "python_version": "3.7"
        },
        "sources": [
            {
                "name": "pypi",
                "url": "https://pypi.org/simple",
                "verify_ssl": true
            }
        ]
    },
    "default": {
        "evdev": {
            "hashes": [
                "sha256:b03f5e1be5b4a5327494a981b831d251a142b09e8778eda1a8b53eba91100166"
            ],
            "index": "pypi",
            "version": "==1.2.0"
        }
    },
    "develop": {}
}
